
Microsoft Visual Studio Solution File, Format Version 12.00
# Visual Studio 15
VisualStudioVersion = 15.0.28307.421
MinimumVisualStudioVersion = 10.0.40219.1
Project("{FAE04EC0-301F-11D3-BF4B-00C04F79EFBC}") = "01. Socks", "01. Socks\01. Socks.csproj", "{946971EC-CD47-4FA2-BF7E-2390D58B09F9}"
EndProject
Project("{FAE04EC0-301F-11D3-BF4B-00C04F79EFBC}") = "02. Excel Functions", "02. Excel Functions\02. Excel Functions.csproj", "{BE0AEBD6-2171-4FD6-BF8D-AA0DB718CE12}"
EndProject
Project("{FAE04EC0-301F-11D3-BF4B-00C04F79EFBC}") = "01. Socks - second way with stackNQueue", "01. Socks - second way with stackNQueue\01. Socks - second way with stackNQueue.csproj", "{5F4E8858-0363-4AC5-AD9A-5CD41235815B}"
EndProject
Global
	GlobalSection(SolutionConfigurationPlatforms) = preSolution
		Debug|Any CPU = Debug|Any CPU
		Release|Any CPU = Release|Any CPU
	EndGlobalSection
	GlobalSection(ProjectConfigurationPlatforms) = postSolution
		{946971EC-CD47-4FA2-BF7E-2390D58B09F9}.Debug|Any CPU.ActiveCfg = Debug|Any CPU
		{946971EC-CD47-4FA2-BF7E-2390D58B09F9}.Debug|Any CPU.Build.0 = Debug|Any CPU
		{946971EC-CD47-4FA2-BF7E-2390D58B09F9}.Release|Any CPU.ActiveCfg = Release|Any CPU
		{946971EC-CD47-4FA2-BF7E-2390D58B09F9}.Release|Any CPU.Build.0 = Release|Any CPU
		{BE0AEBD6-2171-4FD6-BF8D-AA0DB718CE12}.Debug|Any CPU.ActiveCfg = Debug|Any CPU
		{BE0AEBD6-2171-4FD6-BF8D-AA0DB718CE12}.Debug|Any CPU.Build.0 = Debug|Any CPU
		{BE0AEBD6-2171-4FD6-BF8D-AA0DB718CE12}.Release|Any CPU.ActiveCfg = Release|Any CPU
		{BE0AEBD6-2171-4FD6-BF8D-AA0DB718CE12}.Release|Any CPU.Build.0 = Release|Any CPU
		{5F4E8858-0363-4AC5-AD9A-5CD41235815B}.Debug|Any CPU.ActiveCfg = Debug|Any CPU
		{5F4E8858-0363-4AC5-AD9A-5CD41235815B}.Debug|Any CPU.Build.0 = Debug|Any CPU
		{5F4E8858-0363-4AC5-AD9A-5CD41235815B}.Release|Any CPU.ActiveCfg = Release|Any CPU
		{5F4E8858-0363-4AC5-AD9A-5CD41235815B}.Release|Any CPU.Build.0 = Release|Any CPU
	EndGlobalSection
	GlobalSection(SolutionProperties) = preSolution
		HideSolutionNode = FALSE
	EndGlobalSection
	GlobalSection(ExtensibilityGlobals) = postSolution
		SolutionGuid = {F84794F0-BA2E-48B2-A72F-819C496F94A8}
	EndGlobalSection
EndGlobal
