
Microsoft Visual Studio Solution File, Format Version 12.00
# Visual Studio 15
VisualStudioVersion = 15.0.26430.6
MinimumVisualStudioVersion = 10.0.40219.1
Project("{FAE04EC0-301F-11D3-BF4B-00C04F79EFBC}") = "01. Extract Emails", "01. Extract Emails\01. Extract Emails.csproj", "{63DB6303-D590-423C-82EE-B65E336C3175}"
EndProject
Project("{FAE04EC0-301F-11D3-BF4B-00C04F79EFBC}") = "02. Extract Sentences by Keyword", "02. Extract Sentences by Keyword\02. Extract Sentences by Keyword.csproj", "{FDBA49E5-37D4-4064-9B14-CC5768AACB5C}"
EndProject
Project("{FAE04EC0-301F-11D3-BF4B-00C04F79EFBC}") = "03. Camera View", "03. Camera View\03. Camera View.csproj", "{1FF0D173-4DF0-4173-AB01-6A6BF9B1E2DB}"
EndProject
Project("{FAE04EC0-301F-11D3-BF4B-00C04F79EFBC}") = "04. Weather", "04. Weather\04. Weather.csproj", "{89A9A247-7C56-4691-920F-B40ECAF228AF}"
EndProject
Project("{FAE04EC0-301F-11D3-BF4B-00C04F79EFBC}") = "05. Key Replacer", "05. Key Replacer\05. Key Replacer.csproj", "{7AFB5ABE-2D40-41FD-9ED5-265EFC0CB2C1}"
EndProject
Project("{FAE04EC0-301F-11D3-BF4B-00C04F79EFBC}") = "06. Valid Usernames", "06. Valid Usernames\06. Valid Usernames.csproj", "{036087D1-043A-4C97-9321-10331BD1BB5B}"
EndProject
Project("{FAE04EC0-301F-11D3-BF4B-00C04F79EFBC}") = "07. Query Mess", "07. Query Mess\07. Query Mess.csproj", "{DCD68DBF-2E9A-46AB-A2FB-C50A9CB9822E}"
EndProject
Project("{FAE04EC0-301F-11D3-BF4B-00C04F79EFBC}") = "08. Use Your Chains, Buddy", "08. Use Your Chains, Buddy\08. Use Your Chains, Buddy.csproj", "{37CD285C-9DB8-460A-B880-7509CDCAF74D}"
EndProject
Global
	GlobalSection(SolutionConfigurationPlatforms) = preSolution
		Debug|Any CPU = Debug|Any CPU
		Release|Any CPU = Release|Any CPU
	EndGlobalSection
	GlobalSection(ProjectConfigurationPlatforms) = postSolution
		{63DB6303-D590-423C-82EE-B65E336C3175}.Debug|Any CPU.ActiveCfg = Debug|Any CPU
		{63DB6303-D590-423C-82EE-B65E336C3175}.Debug|Any CPU.Build.0 = Debug|Any CPU
		{63DB6303-D590-423C-82EE-B65E336C3175}.Release|Any CPU.ActiveCfg = Release|Any CPU
		{63DB6303-D590-423C-82EE-B65E336C3175}.Release|Any CPU.Build.0 = Release|Any CPU
		{FDBA49E5-37D4-4064-9B14-CC5768AACB5C}.Debug|Any CPU.ActiveCfg = Debug|Any CPU
		{FDBA49E5-37D4-4064-9B14-CC5768AACB5C}.Debug|Any CPU.Build.0 = Debug|Any CPU
		{FDBA49E5-37D4-4064-9B14-CC5768AACB5C}.Release|Any CPU.ActiveCfg = Release|Any CPU
		{FDBA49E5-37D4-4064-9B14-CC5768AACB5C}.Release|Any CPU.Build.0 = Release|Any CPU
		{1FF0D173-4DF0-4173-AB01-6A6BF9B1E2DB}.Debug|Any CPU.ActiveCfg = Debug|Any CPU
		{1FF0D173-4DF0-4173-AB01-6A6BF9B1E2DB}.Debug|Any CPU.Build.0 = Debug|Any CPU
		{1FF0D173-4DF0-4173-AB01-6A6BF9B1E2DB}.Release|Any CPU.ActiveCfg = Release|Any CPU
		{1FF0D173-4DF0-4173-AB01-6A6BF9B1E2DB}.Release|Any CPU.Build.0 = Release|Any CPU
		{89A9A247-7C56-4691-920F-B40ECAF228AF}.Debug|Any CPU.ActiveCfg = Debug|Any CPU
		{89A9A247-7C56-4691-920F-B40ECAF228AF}.Debug|Any CPU.Build.0 = Debug|Any CPU
		{89A9A247-7C56-4691-920F-B40ECAF228AF}.Release|Any CPU.ActiveCfg = Release|Any CPU
		{89A9A247-7C56-4691-920F-B40ECAF228AF}.Release|Any CPU.Build.0 = Release|Any CPU
		{7AFB5ABE-2D40-41FD-9ED5-265EFC0CB2C1}.Debug|Any CPU.ActiveCfg = Debug|Any CPU
		{7AFB5ABE-2D40-41FD-9ED5-265EFC0CB2C1}.Debug|Any CPU.Build.0 = Debug|Any CPU
		{7AFB5ABE-2D40-41FD-9ED5-265EFC0CB2C1}.Release|Any CPU.ActiveCfg = Release|Any CPU
		{7AFB5ABE-2D40-41FD-9ED5-265EFC0CB2C1}.Release|Any CPU.Build.0 = Release|Any CPU
		{036087D1-043A-4C97-9321-10331BD1BB5B}.Debug|Any CPU.ActiveCfg = Debug|Any CPU
		{036087D1-043A-4C97-9321-10331BD1BB5B}.Debug|Any CPU.Build.0 = Debug|Any CPU
		{036087D1-043A-4C97-9321-10331BD1BB5B}.Release|Any CPU.ActiveCfg = Release|Any CPU
		{036087D1-043A-4C97-9321-10331BD1BB5B}.Release|Any CPU.Build.0 = Release|Any CPU
		{DCD68DBF-2E9A-46AB-A2FB-C50A9CB9822E}.Debug|Any CPU.ActiveCfg = Debug|Any CPU
		{DCD68DBF-2E9A-46AB-A2FB-C50A9CB9822E}.Debug|Any CPU.Build.0 = Debug|Any CPU
		{DCD68DBF-2E9A-46AB-A2FB-C50A9CB9822E}.Release|Any CPU.ActiveCfg = Release|Any CPU
		{DCD68DBF-2E9A-46AB-A2FB-C50A9CB9822E}.Release|Any CPU.Build.0 = Release|Any CPU
		{37CD285C-9DB8-460A-B880-7509CDCAF74D}.Debug|Any CPU.ActiveCfg = Debug|Any CPU
		{37CD285C-9DB8-460A-B880-7509CDCAF74D}.Debug|Any CPU.Build.0 = Debug|Any CPU
		{37CD285C-9DB8-460A-B880-7509CDCAF74D}.Release|Any CPU.ActiveCfg = Release|Any CPU
		{37CD285C-9DB8-460A-B880-7509CDCAF74D}.Release|Any CPU.Build.0 = Release|Any CPU
	EndGlobalSection
	GlobalSection(SolutionProperties) = preSolution
		HideSolutionNode = FALSE
	EndGlobalSection
EndGlobal
