
Microsoft Visual Studio Solution File, Format Version 12.00
# Visual Studio 15
VisualStudioVersion = 15.0.28307.421
MinimumVisualStudioVersion = 10.0.40219.1
Project("{FAE04EC0-301F-11D3-BF4B-00C04F79EFBC}") = "Shapes", "Shapes\Shapes.csproj", "{9B14A4E5-CC6F-4FD1-A336-5961E561540E}"
EndProject
Project("{FAE04EC0-301F-11D3-BF4B-00C04F79EFBC}") = "Cars", "Cars\Cars.csproj", "{BAE76480-0CBD-44FF-A94A-A02B2924C39C}"
EndProject
Global
	GlobalSection(SolutionConfigurationPlatforms) = preSolution
		Debug|Any CPU = Debug|Any CPU
		Release|Any CPU = Release|Any CPU
	EndGlobalSection
	GlobalSection(ProjectConfigurationPlatforms) = postSolution
		{9B14A4E5-CC6F-4FD1-A336-5961E561540E}.Debug|Any CPU.ActiveCfg = Debug|Any CPU
		{9B14A4E5-CC6F-4FD1-A336-5961E561540E}.Debug|Any CPU.Build.0 = Debug|Any CPU
		{9B14A4E5-CC6F-4FD1-A336-5961E561540E}.Release|Any CPU.ActiveCfg = Release|Any CPU
		{9B14A4E5-CC6F-4FD1-A336-5961E561540E}.Release|Any CPU.Build.0 = Release|Any CPU
		{BAE76480-0CBD-44FF-A94A-A02B2924C39C}.Debug|Any CPU.ActiveCfg = Debug|Any CPU
		{BAE76480-0CBD-44FF-A94A-A02B2924C39C}.Debug|Any CPU.Build.0 = Debug|Any CPU
		{BAE76480-0CBD-44FF-A94A-A02B2924C39C}.Release|Any CPU.ActiveCfg = Release|Any CPU
		{BAE76480-0CBD-44FF-A94A-A02B2924C39C}.Release|Any CPU.Build.0 = Release|Any CPU
	EndGlobalSection
	GlobalSection(SolutionProperties) = preSolution
		HideSolutionNode = FALSE
	EndGlobalSection
	GlobalSection(ExtensibilityGlobals) = postSolution
		SolutionGuid = {6F3EEE41-2B60-4FCE-B5FB-765B74367B75}
	EndGlobalSection
EndGlobal
