
Microsoft Visual Studio Solution File, Format Version 12.00
# Visual Studio 15
VisualStudioVersion = 15.0.26430.6
MinimumVisualStudioVersion = 10.0.40219.1
Project("{FAE04EC0-301F-11D3-BF4B-00C04F79EFBC}") = "01. Reverse String", "01. Reverse String\01. Reverse String.csproj", "{206C050E-616D-4334-A419-176B8EBD9092}"
EndProject
Project("{FAE04EC0-301F-11D3-BF4B-00C04F79EFBC}") = "02. Count Substring Occurrences", "02. Count Substring Occurrences\02. Count Substring Occurrences.csproj", "{07333FDA-790A-447D-9D77-74C3ADD76113}"
EndProject
Project("{FAE04EC0-301F-11D3-BF4B-00C04F79EFBC}") = "03. Text Filter", "03. Text Filter\03. Text Filter.csproj", "{36DEF540-1AC6-4DF2-B9CA-4283D02FBD22}"
EndProject
Project("{FAE04EC0-301F-11D3-BF4B-00C04F79EFBC}") = "04. Palindromes", "04. Palindromes\04. Palindromes.csproj", "{CF2740EE-6490-4FF9-828E-289E1889BF8E}"
EndProject
Global
	GlobalSection(SolutionConfigurationPlatforms) = preSolution
		Debug|Any CPU = Debug|Any CPU
		Release|Any CPU = Release|Any CPU
	EndGlobalSection
	GlobalSection(ProjectConfigurationPlatforms) = postSolution
		{206C050E-616D-4334-A419-176B8EBD9092}.Debug|Any CPU.ActiveCfg = Debug|Any CPU
		{206C050E-616D-4334-A419-176B8EBD9092}.Debug|Any CPU.Build.0 = Debug|Any CPU
		{206C050E-616D-4334-A419-176B8EBD9092}.Release|Any CPU.ActiveCfg = Release|Any CPU
		{206C050E-616D-4334-A419-176B8EBD9092}.Release|Any CPU.Build.0 = Release|Any CPU
		{07333FDA-790A-447D-9D77-74C3ADD76113}.Debug|Any CPU.ActiveCfg = Debug|Any CPU
		{07333FDA-790A-447D-9D77-74C3ADD76113}.Debug|Any CPU.Build.0 = Debug|Any CPU
		{07333FDA-790A-447D-9D77-74C3ADD76113}.Release|Any CPU.ActiveCfg = Release|Any CPU
		{07333FDA-790A-447D-9D77-74C3ADD76113}.Release|Any CPU.Build.0 = Release|Any CPU
		{36DEF540-1AC6-4DF2-B9CA-4283D02FBD22}.Debug|Any CPU.ActiveCfg = Debug|Any CPU
		{36DEF540-1AC6-4DF2-B9CA-4283D02FBD22}.Debug|Any CPU.Build.0 = Debug|Any CPU
		{36DEF540-1AC6-4DF2-B9CA-4283D02FBD22}.Release|Any CPU.ActiveCfg = Release|Any CPU
		{36DEF540-1AC6-4DF2-B9CA-4283D02FBD22}.Release|Any CPU.Build.0 = Release|Any CPU
		{CF2740EE-6490-4FF9-828E-289E1889BF8E}.Debug|Any CPU.ActiveCfg = Debug|Any CPU
		{CF2740EE-6490-4FF9-828E-289E1889BF8E}.Debug|Any CPU.Build.0 = Debug|Any CPU
		{CF2740EE-6490-4FF9-828E-289E1889BF8E}.Release|Any CPU.ActiveCfg = Release|Any CPU
		{CF2740EE-6490-4FF9-828E-289E1889BF8E}.Release|Any CPU.Build.0 = Release|Any CPU
	EndGlobalSection
	GlobalSection(SolutionProperties) = preSolution
		HideSolutionNode = FALSE
	EndGlobalSection
EndGlobal
