
Microsoft Visual Studio Solution File, Format Version 12.00
# Visual Studio 15
VisualStudioVersion = 15.0.26430.6
MinimumVisualStudioVersion = 10.0.40219.1
Project("{FAE04EC0-301F-11D3-BF4B-00C04F79EFBC}") = "01. Odd Occurrences", "01. Odd Occurrences\01. Odd Occurrences.csproj", "{7D18B786-7639-4382-8772-FB2B19F5A43B}"
EndProject
Project("{FAE04EC0-301F-11D3-BF4B-00C04F79EFBC}") = "02. Count Real Numbers", "02. Count Real Numbers\02. Count Real Numbers.csproj", "{4457195F-8054-4E62-9158-D2260574D4B1}"
EndProject
Global
	GlobalSection(SolutionConfigurationPlatforms) = preSolution
		Debug|Any CPU = Debug|Any CPU
		Release|Any CPU = Release|Any CPU
	EndGlobalSection
	GlobalSection(ProjectConfigurationPlatforms) = postSolution
		{7D18B786-7639-4382-8772-FB2B19F5A43B}.Debug|Any CPU.ActiveCfg = Debug|Any CPU
		{7D18B786-7639-4382-8772-FB2B19F5A43B}.Debug|Any CPU.Build.0 = Debug|Any CPU
		{7D18B786-7639-4382-8772-FB2B19F5A43B}.Release|Any CPU.ActiveCfg = Release|Any CPU
		{7D18B786-7639-4382-8772-FB2B19F5A43B}.Release|Any CPU.Build.0 = Release|Any CPU
		{4457195F-8054-4E62-9158-D2260574D4B1}.Debug|Any CPU.ActiveCfg = Debug|Any CPU
		{4457195F-8054-4E62-9158-D2260574D4B1}.Debug|Any CPU.Build.0 = Debug|Any CPU
		{4457195F-8054-4E62-9158-D2260574D4B1}.Release|Any CPU.ActiveCfg = Release|Any CPU
		{4457195F-8054-4E62-9158-D2260574D4B1}.Release|Any CPU.Build.0 = Release|Any CPU
	EndGlobalSection
	GlobalSection(SolutionProperties) = preSolution
		HideSolutionNode = FALSE
	EndGlobalSection
EndGlobal
