
Microsoft Visual Studio Solution File, Format Version 12.00
# Visual Studio 15
VisualStudioVersion = 15.0.28307.421
MinimumVisualStudioVersion = 10.0.40219.1
Project("{FAE04EC0-301F-11D3-BF4B-00C04F79EFBC}") = "01. Action Print", "01. Action Print\01. Action Print.csproj", "{349B317B-BB7B-4BE1-9F8C-E7CCED126588}"
EndProject
Project("{FAE04EC0-301F-11D3-BF4B-00C04F79EFBC}") = "02. Knights of Honor", "02. Knights of Honor\02. Knights of Honor.csproj", "{49F8E941-C013-448A-97C3-16226539BABB}"
EndProject
Project("{FAE04EC0-301F-11D3-BF4B-00C04F79EFBC}") = "03. Custom Min Function", "03. Custom Min Function\03. Custom Min Function.csproj", "{6FEE8A1A-42B7-4417-BAB9-E83CFDE315C7}"
EndProject
Project("{FAE04EC0-301F-11D3-BF4B-00C04F79EFBC}") = "04. Find Evens or Odds", "04. Find Evens or Odds\04. Find Evens or Odds.csproj", "{99F6B6FE-DA2A-4C00-8EF4-2BB6BA298D6B}"
EndProject
Project("{FAE04EC0-301F-11D3-BF4B-00C04F79EFBC}") = "05. Applied Arithmetics", "05. Applied Arithmetics\05. Applied Arithmetics.csproj", "{74D518C0-9D67-44E1-B316-7E25CFEE254E}"
EndProject
Project("{FAE04EC0-301F-11D3-BF4B-00C04F79EFBC}") = "06. Reverse And Exclude", "06. Reverse And Exclude\06. Reverse And Exclude.csproj", "{5028BCAB-FC85-4CE5-B202-1431341B9737}"
EndProject
Project("{FAE04EC0-301F-11D3-BF4B-00C04F79EFBC}") = "07. Predicate For Names", "07. Predicate For Names\07. Predicate For Names.csproj", "{65C310A9-7490-4F0C-80A6-83F0CC0D117E}"
EndProject
Project("{FAE04EC0-301F-11D3-BF4B-00C04F79EFBC}") = "08. Custom Comparator", "08. Custom Comparator\08. Custom Comparator.csproj", "{5139FF47-05C4-404C-83DB-74ECC2526E7B}"
EndProject
Project("{FAE04EC0-301F-11D3-BF4B-00C04F79EFBC}") = "09. List Of Predicates", "09. List Of Predicates\09. List Of Predicates.csproj", "{7A71DBEA-EA49-4B75-BB64-E3792BB493FB}"
EndProject
Project("{FAE04EC0-301F-11D3-BF4B-00C04F79EFBC}") = "10. Predicate Party", "10. Predicate Party\10. Predicate Party.csproj", "{4DBC5D93-264B-4D12-9110-FC6F3E9956A1}"
EndProject
Project("{FAE04EC0-301F-11D3-BF4B-00C04F79EFBC}") = "11. ThePartyReservationFilterModule", "11. ThePartyReservationFilterModule\11. ThePartyReservationFilterModule.csproj", "{4262FCCA-807C-4362-88AB-BA7DFA956AF8}"
EndProject
Project("{FAE04EC0-301F-11D3-BF4B-00C04F79EFBC}") = "12. Inferno III", "12. Inferno III\12. Inferno III.csproj", "{A6EB5732-73B3-4BC2-A062-EF1F363FD651}"
EndProject
Project("{FAE04EC0-301F-11D3-BF4B-00C04F79EFBC}") = "13. TriFunction", "13. TriFunction\13. TriFunction.csproj", "{7353453E-4DC1-491B-B7C6-674318FD694D}"
EndProject
Global
	GlobalSection(SolutionConfigurationPlatforms) = preSolution
		Debug|Any CPU = Debug|Any CPU
		Release|Any CPU = Release|Any CPU
	EndGlobalSection
	GlobalSection(ProjectConfigurationPlatforms) = postSolution
		{349B317B-BB7B-4BE1-9F8C-E7CCED126588}.Debug|Any CPU.ActiveCfg = Debug|Any CPU
		{349B317B-BB7B-4BE1-9F8C-E7CCED126588}.Debug|Any CPU.Build.0 = Debug|Any CPU
		{349B317B-BB7B-4BE1-9F8C-E7CCED126588}.Release|Any CPU.ActiveCfg = Release|Any CPU
		{349B317B-BB7B-4BE1-9F8C-E7CCED126588}.Release|Any CPU.Build.0 = Release|Any CPU
		{49F8E941-C013-448A-97C3-16226539BABB}.Debug|Any CPU.ActiveCfg = Debug|Any CPU
		{49F8E941-C013-448A-97C3-16226539BABB}.Debug|Any CPU.Build.0 = Debug|Any CPU
		{49F8E941-C013-448A-97C3-16226539BABB}.Release|Any CPU.ActiveCfg = Release|Any CPU
		{49F8E941-C013-448A-97C3-16226539BABB}.Release|Any CPU.Build.0 = Release|Any CPU
		{6FEE8A1A-42B7-4417-BAB9-E83CFDE315C7}.Debug|Any CPU.ActiveCfg = Debug|Any CPU
		{6FEE8A1A-42B7-4417-BAB9-E83CFDE315C7}.Debug|Any CPU.Build.0 = Debug|Any CPU
		{6FEE8A1A-42B7-4417-BAB9-E83CFDE315C7}.Release|Any CPU.ActiveCfg = Release|Any CPU
		{6FEE8A1A-42B7-4417-BAB9-E83CFDE315C7}.Release|Any CPU.Build.0 = Release|Any CPU
		{99F6B6FE-DA2A-4C00-8EF4-2BB6BA298D6B}.Debug|Any CPU.ActiveCfg = Debug|Any CPU
		{99F6B6FE-DA2A-4C00-8EF4-2BB6BA298D6B}.Debug|Any CPU.Build.0 = Debug|Any CPU
		{99F6B6FE-DA2A-4C00-8EF4-2BB6BA298D6B}.Release|Any CPU.ActiveCfg = Release|Any CPU
		{99F6B6FE-DA2A-4C00-8EF4-2BB6BA298D6B}.Release|Any CPU.Build.0 = Release|Any CPU
		{74D518C0-9D67-44E1-B316-7E25CFEE254E}.Debug|Any CPU.ActiveCfg = Debug|Any CPU
		{74D518C0-9D67-44E1-B316-7E25CFEE254E}.Debug|Any CPU.Build.0 = Debug|Any CPU
		{74D518C0-9D67-44E1-B316-7E25CFEE254E}.Release|Any CPU.ActiveCfg = Release|Any CPU
		{74D518C0-9D67-44E1-B316-7E25CFEE254E}.Release|Any CPU.Build.0 = Release|Any CPU
		{5028BCAB-FC85-4CE5-B202-1431341B9737}.Debug|Any CPU.ActiveCfg = Debug|Any CPU
		{5028BCAB-FC85-4CE5-B202-1431341B9737}.Debug|Any CPU.Build.0 = Debug|Any CPU
		{5028BCAB-FC85-4CE5-B202-1431341B9737}.Release|Any CPU.ActiveCfg = Release|Any CPU
		{5028BCAB-FC85-4CE5-B202-1431341B9737}.Release|Any CPU.Build.0 = Release|Any CPU
		{65C310A9-7490-4F0C-80A6-83F0CC0D117E}.Debug|Any CPU.ActiveCfg = Debug|Any CPU
		{65C310A9-7490-4F0C-80A6-83F0CC0D117E}.Debug|Any CPU.Build.0 = Debug|Any CPU
		{65C310A9-7490-4F0C-80A6-83F0CC0D117E}.Release|Any CPU.ActiveCfg = Release|Any CPU
		{65C310A9-7490-4F0C-80A6-83F0CC0D117E}.Release|Any CPU.Build.0 = Release|Any CPU
		{5139FF47-05C4-404C-83DB-74ECC2526E7B}.Debug|Any CPU.ActiveCfg = Debug|Any CPU
		{5139FF47-05C4-404C-83DB-74ECC2526E7B}.Debug|Any CPU.Build.0 = Debug|Any CPU
		{5139FF47-05C4-404C-83DB-74ECC2526E7B}.Release|Any CPU.ActiveCfg = Release|Any CPU
		{5139FF47-05C4-404C-83DB-74ECC2526E7B}.Release|Any CPU.Build.0 = Release|Any CPU
		{7A71DBEA-EA49-4B75-BB64-E3792BB493FB}.Debug|Any CPU.ActiveCfg = Debug|Any CPU
		{7A71DBEA-EA49-4B75-BB64-E3792BB493FB}.Debug|Any CPU.Build.0 = Debug|Any CPU
		{7A71DBEA-EA49-4B75-BB64-E3792BB493FB}.Release|Any CPU.ActiveCfg = Release|Any CPU
		{7A71DBEA-EA49-4B75-BB64-E3792BB493FB}.Release|Any CPU.Build.0 = Release|Any CPU
		{4DBC5D93-264B-4D12-9110-FC6F3E9956A1}.Debug|Any CPU.ActiveCfg = Debug|Any CPU
		{4DBC5D93-264B-4D12-9110-FC6F3E9956A1}.Debug|Any CPU.Build.0 = Debug|Any CPU
		{4DBC5D93-264B-4D12-9110-FC6F3E9956A1}.Release|Any CPU.ActiveCfg = Release|Any CPU
		{4DBC5D93-264B-4D12-9110-FC6F3E9956A1}.Release|Any CPU.Build.0 = Release|Any CPU
		{4262FCCA-807C-4362-88AB-BA7DFA956AF8}.Debug|Any CPU.ActiveCfg = Debug|Any CPU
		{4262FCCA-807C-4362-88AB-BA7DFA956AF8}.Debug|Any CPU.Build.0 = Debug|Any CPU
		{4262FCCA-807C-4362-88AB-BA7DFA956AF8}.Release|Any CPU.ActiveCfg = Release|Any CPU
		{4262FCCA-807C-4362-88AB-BA7DFA956AF8}.Release|Any CPU.Build.0 = Release|Any CPU
		{A6EB5732-73B3-4BC2-A062-EF1F363FD651}.Debug|Any CPU.ActiveCfg = Debug|Any CPU
		{A6EB5732-73B3-4BC2-A062-EF1F363FD651}.Debug|Any CPU.Build.0 = Debug|Any CPU
		{A6EB5732-73B3-4BC2-A062-EF1F363FD651}.Release|Any CPU.ActiveCfg = Release|Any CPU
		{A6EB5732-73B3-4BC2-A062-EF1F363FD651}.Release|Any CPU.Build.0 = Release|Any CPU
		{7353453E-4DC1-491B-B7C6-674318FD694D}.Debug|Any CPU.ActiveCfg = Debug|Any CPU
		{7353453E-4DC1-491B-B7C6-674318FD694D}.Debug|Any CPU.Build.0 = Debug|Any CPU
		{7353453E-4DC1-491B-B7C6-674318FD694D}.Release|Any CPU.ActiveCfg = Release|Any CPU
		{7353453E-4DC1-491B-B7C6-674318FD694D}.Release|Any CPU.Build.0 = Release|Any CPU
	EndGlobalSection
	GlobalSection(SolutionProperties) = preSolution
		HideSolutionNode = FALSE
	EndGlobalSection
	GlobalSection(ExtensibilityGlobals) = postSolution
		SolutionGuid = {4EB73E4B-29A1-40F8-8C72-171370A06EA9}
	EndGlobalSection
EndGlobal
